
Microsoft Visual Studio Solution File, Format Version 12.00
# Visual Studio Version 17
VisualStudioVersion = 17.2.32210.308
MinimumVisualStudioVersion = 10.0.40219.1
Project("{9A19103F-16F7-4668-BE54-9A1E7A4F7556}") = "Lazy.SlideCaptcha.Core", "Lazy.SlideCaptcha.Core\Lazy.SlideCaptcha.Core.csproj", "{8590A193-9631-4B16-9312-5838FFDA3382}"
EndProject
Project("{9A19103F-16F7-4668-BE54-9A1E7A4F7556}") = "Lazy.SlideCaptcha.Demo", "Lazy.SlideCaptcha.Demo\Lazy.SlideCaptcha.Demo.csproj", "{B84C1CD1-5764-481F-9E62-8C54AB3C3FC1}"
EndProject
Global
	GlobalSection(SolutionConfigurationPlatforms) = preSolution
		Debug|Any CPU = Debug|Any CPU
		Release|Any CPU = Release|Any CPU
	EndGlobalSection
	GlobalSection(ProjectConfigurationPlatforms) = postSolution
		{8590A193-9631-4B16-9312-5838FFDA3382}.Debug|Any CPU.ActiveCfg = Debug|Any CPU
		{8590A193-9631-4B16-9312-5838FFDA3382}.Debug|Any CPU.Build.0 = Debug|Any CPU
		{8590A193-9631-4B16-9312-5838FFDA3382}.Release|Any CPU.ActiveCfg = Release|Any CPU
		{8590A193-9631-4B16-9312-5838FFDA3382}.Release|Any CPU.Build.0 = Release|Any CPU
		{B84C1CD1-5764-481F-9E62-8C54AB3C3FC1}.Debug|Any CPU.ActiveCfg = Debug|Any CPU
		{B84C1CD1-5764-481F-9E62-8C54AB3C3FC1}.Debug|Any CPU.Build.0 = Debug|Any CPU
		{B84C1CD1-5764-481F-9E62-8C54AB3C3FC1}.Release|Any CPU.ActiveCfg = Release|Any CPU
		{B84C1CD1-5764-481F-9E62-8C54AB3C3FC1}.Release|Any CPU.Build.0 = Release|Any CPU
	EndGlobalSection
	GlobalSection(SolutionProperties) = preSolution
		HideSolutionNode = FALSE
	EndGlobalSection
	GlobalSection(ExtensibilityGlobals) = postSolution
		SolutionGuid = {5429E356-14CA-47B6-9DFD-B0544E0F4DC9}
	EndGlobalSection
EndGlobal
